
Microsoft Visual Studio Solution File, Format Version 12.00
# Visual Studio Version 17
VisualStudioVersion = 17.9.34607.119
MinimumVisualStudioVersion = 10.0.40219.1
Project("{9A19103F-16F7-4668-BE54-9A1E7A4F7556}") = "SystemTest", "SystemTest\SystemTest.csproj", "{58593A15-37AA-43EE-A03C-159B11938EBF}"
EndProject
Project("{2150E333-8FDC-42A3-9474-1A3956D46DE8}") = "Solution Items", "Solution Items", "{55BC24B4-B55D-4B15-9540-56666859A4BD}"
	ProjectSection(SolutionItems) = preProject
		.editorconfig = .editorconfig
	EndProjectSection
EndProject
Global
	GlobalSection(SolutionConfigurationPlatforms) = preSolution
		Debug|Any CPU = Debug|Any CPU
		Release|Any CPU = Release|Any CPU
	EndGlobalSection
	GlobalSection(ProjectConfigurationPlatforms) = postSolution
		{58593A15-37AA-43EE-A03C-159B11938EBF}.Debug|Any CPU.ActiveCfg = Debug|Any CPU
		{58593A15-37AA-43EE-A03C-159B11938EBF}.Debug|Any CPU.Build.0 = Debug|Any CPU
		{58593A15-37AA-43EE-A03C-159B11938EBF}.Release|Any CPU.ActiveCfg = Release|Any CPU
		{58593A15-37AA-43EE-A03C-159B11938EBF}.Release|Any CPU.Build.0 = Release|Any CPU
	EndGlobalSection
	GlobalSection(SolutionProperties) = preSolution
		HideSolutionNode = FALSE
	EndGlobalSection
	GlobalSection(ExtensibilityGlobals) = postSolution
		SolutionGuid = {D6A682EE-0F31-48DC-BD0B-D39FD6F0120A}
	EndGlobalSection
EndGlobal
